
Microsoft Visual Studio Solution File, Format Version 12.00
# Visual Studio 15
VisualStudioVersion = 15.0.27130.2027
MinimumVisualStudioVersion = 10.0.40219.1
Project("{FAE04EC0-301F-11D3-BF4B-00C04F79EFBC}") = "Delegated", "Delegated\Delegated.csproj", "{81238A02-FB58-4A1A-A3A4-9C2E98BA423D}"
EndProject
Global
	GlobalSection(SolutionConfigurationPlatforms) = preSolution
		Debug|Any CPU = Debug|Any CPU
		Release|Any CPU = Release|Any CPU
	EndGlobalSection
	GlobalSection(ProjectConfigurationPlatforms) = postSolution
		{81238A02-FB58-4A1A-A3A4-9C2E98BA423D}.Debug|Any CPU.ActiveCfg = Debug|Any CPU
		{81238A02-FB58-4A1A-A3A4-9C2E98BA423D}.Debug|Any CPU.Build.0 = Debug|Any CPU
		{81238A02-FB58-4A1A-A3A4-9C2E98BA423D}.Release|Any CPU.ActiveCfg = Release|Any CPU
		{81238A02-FB58-4A1A-A3A4-9C2E98BA423D}.Release|Any CPU.Build.0 = Release|Any CPU
	EndGlobalSection
	GlobalSection(SolutionProperties) = preSolution
		HideSolutionNode = FALSE
	EndGlobalSection
	GlobalSection(ExtensibilityGlobals) = postSolution
		SolutionGuid = {73B96BB3-2E08-45DB-852E-87BC3307AD72}
	EndGlobalSection
EndGlobal
